
Microsoft Visual Studio Solution File, Format Version 12.00
# Visual Studio Version 16
VisualStudioVersion = 16.0.32802.440
MinimumVisualStudioVersion = 10.0.40219.1
Project("{FAE04EC0-301F-11D3-BF4B-00C04F79EFBC}") = "ArraySort-Random", "ArraySort-Random\ArraySort-Random.csproj", "{9CDE4517-D714-4FAC-80F0-1882BF9BF9C1}"
EndProject
Global
	GlobalSection(SolutionConfigurationPlatforms) = preSolution
		Debug|Any CPU = Debug|Any CPU
		Release|Any CPU = Release|Any CPU
	EndGlobalSection
	GlobalSection(ProjectConfigurationPlatforms) = postSolution
		{9CDE4517-D714-4FAC-80F0-1882BF9BF9C1}.Debug|Any CPU.ActiveCfg = Debug|Any CPU
		{9CDE4517-D714-4FAC-80F0-1882BF9BF9C1}.Debug|Any CPU.Build.0 = Debug|Any CPU
		{9CDE4517-D714-4FAC-80F0-1882BF9BF9C1}.Release|Any CPU.ActiveCfg = Release|Any CPU
		{9CDE4517-D714-4FAC-80F0-1882BF9BF9C1}.Release|Any CPU.Build.0 = Release|Any CPU
	EndGlobalSection
	GlobalSection(SolutionProperties) = preSolution
		HideSolutionNode = FALSE
	EndGlobalSection
	GlobalSection(ExtensibilityGlobals) = postSolution
		SolutionGuid = {5C3E485B-DEE8-4861-A30B-94C53E32316D}
	EndGlobalSection
EndGlobal
